lockfileVersion: '9.0'

settings:
  autoInstallPeers: true
  excludeLinksFromLockfile: false

overrides:
  '@deepseek-ai/cordis': 4.0.4
  '@deepseek-ai/dsh-credentials': 0.2.0-rc.2
  '@deepseek-ai/dsh-launch-environment': 0.2.0-rc.2
  '@deepseek-ai/dsh-llm': 0.2.0-rc.2
  '@deepseek-ai/dsh-web': 0.2.0-rc.2
  '@deepseek-ai/dsh-web-search-deepseek': 0.2.0-rc.2
  '@deepseek-ai/schemastery': 3.18.4

importers:

  .:
    dependencies:
      '@deepseek-ai/cordis':
        specifier: 4.0.4
        version: 4.0.4
      '@deepseek-ai/dsh-credentials':
        specifier: 0.2.0-rc.2
        version: 0.2.0-rc.2(@deepseek-ai/cordis@4.0.4)(@deepseek-ai/dsh-invariants@0.2.0-rc.2(@deepseek-ai/cordis@4.0.4))
      '@deepseek-ai/dsh-launch-environment':
        specifier: 0.2.0-rc.2
        version: 0.2.0-rc.2(@deepseek-ai/cordis@4.0.4)
      '@deepseek-ai/dsh-llm':
        specifier: 0.2.0-rc.2
        version: 0.2.0-rc.2(@deepseek-ai/cordis@4.0.4)
      '@deepseek-ai/dsh-web':
        specifier: 0.2.0-rc.2
        version: 0.2.0-rc.2(@deepseek-ai/cordis@4.0.4)(@deepseek-ai/dsh-llm@0.2.0-rc.2(@deepseek-ai/cordis@4.0.4))
      '@deepseek-ai/dsh-web-search-deepseek':
        specifier: 0.2.0-rc.2
        version: 0.2.0-rc.2(@deepseek-ai/cordis@4.0.4)(@deepseek-ai/dsh-agent@0.2.0-rc.2(b872d4d836bb263e5b3a50782f98c977))(@deepseek-ai/dsh-credentials@0.2.0-rc.2(@deepseek-ai/cordis@4.0.4)(@deepseek-ai/dsh-invariants@0.2.0-rc.2(@deepseek-ai/cordis@4.0.4)))(@deepseek-ai/dsh-launch-environment@0.2.0-rc.2(@deepseek-ai/cordis@4.0.4))(@deepseek-ai/dsh-session@0.2.0-rc.2(@deepseek-ai/cordis@4.0.4)(@deepseek-ai/dsh-scope@0.2.0-rc.2(@deepseek-ai/cordis@4.0.4)(@deepseek-ai/dsh-invariants@0.2.0-rc.2(@deepseek-ai/cordis@4.0.4))))(@deepseek-ai/dsh-web@0.2.0-rc.2(@deepseek-ai/cordis@4.0.4)(@deepseek-ai/dsh-llm@0.2.0-rc.2(@deepseek-ai/cordis@4.0.4)))
      '@deepseek-ai/schemastery':
        specifier: 3.18.4
        version: 3.18.4
    devDependencies:
      '@deepseek-ai/dsh-api-remotes':
        specifier: 0.2.0-rc.2
        version: 0.2.0-rc.2(@deepseek-ai/cordis@4.0.4)(@deepseek-ai/dsh-scope@0.2.0-rc.2(@deepseek-ai/cordis@4.0.4)(@deepseek-ai/dsh-invariants@0.2.0-rc.2(@deepseek-ai/cordis@4.0.4)))
      '@deepseek-ai/dsh-client-locale':
        specifier: 0.2.0-rc.2
        version: 0.2.0-rc.2(@deepseek-ai/cordis@4.0.4)
      '@deepseek-ai/dsh-client-ui-plugin-manager':
        specifier: 0.2.0-rc.2
        version: 0.2.0-rc.2(@deepseek-ai/cordis@4.0.4)
      '@deepseek-ai/dsh-client-ui-primitives':
        specifier: 0.2.0-rc.2
        version: 0.2.0-rc.2(@deepseek-ai/cordis@4.0.4)
      '@deepseek-ai/dsh-client-ui-settings':
        specifier: 0.2.0-rc.2
        version: 0.2.0-rc.2(@deepseek-ai/cordis@4.0.4)
      '@playwright/test':
        specifier: ^1.62.1
        version: 1.62.1

packages:

  '@deepseek-ai/cordis@4.0.4':
    resolution: {integrity: sha512-obgyxqWAmFn3Re8kvsuUnyW+ihrz6eJCnJO4fh1cQzDtmPYz/zzVeUkH9R94I0OwSVOocK67Kgakm04j/oQXzg==}
    hasBin: true
    peerDependencies:
      '@deepseek-ai/cordis-plugin-include': ~1.0.9
      '@deepseek-ai/cordis-plugin-loader': ~1.0.5
    peerDependenciesMeta:
      '@deepseek-ai/cordis-plugin-include':
        optional: true
      '@deepseek-ai/cordis-plugin-loader':
        optional: true

  '@deepseek-ai/cosmokit@1.8.5':
    resolution: {integrity: sha512-LXsrlem9z8dq4sLflj2yuCuYX7KqhdzF5hZly3eZyuTo8d6oDSOXuEgC5DbQWKW+lksm6zmOutQLsP/ma6wR6A==}

  '@deepseek-ai/dsh-agent@0.2.0-rc.2':
    resolution: {integrity: sha512-CUkbU+c1G0ETXkpoLkpAFo5midz66FQGtlgQOP9pzvU9H3zJQVl4H5LrhhGVbEXKLFgdbtQiOynEW8hpWn3y0Q==}
    peerDependencies:
      '@deepseek-ai/cordis': 4.0.4
      '@deepseek-ai/dsh-invariants': 0.2.0-rc.2
      '@deepseek-ai/dsh-llm': 0.2.0-rc.2
      '@deepseek-ai/dsh-scope': 0.2.0-rc.2
      '@deepseek-ai/dsh-session': 0.2.0-rc.2
      '@deepseek-ai/dsh-session-projection': 0.2.0-rc.2
      '@deepseek-ai/dsh-system-prompt': 0.2.0-rc.2
      '@deepseek-ai/dsh-typert-protocol': 0.2.0-rc.2
      '@deepseek-ai/dsh-util-values': 0.2.0-rc.2
      '@deepseek-ai/dsh-workspace': 0.2.0-rc.2
    peerDependenciesMeta:
      '@deepseek-ai/dsh-workspace':
        optional: true

  '@deepseek-ai/dsh-api-remotes@0.2.0-rc.2':
    resolution: {integrity: sha512-mfDctTtpM26rS5O0upviPofuyiiNCkaSgRifc5wgaCiBPJ5rG1FE2lxMQSfUiBASs7s+xXR5JVZlDrrZCzYTLg==}
    peerDependencies:
      '@deepseek-ai/cordis': 4.0.4
      '@deepseek-ai/dsh-scope': 0.2.0-rc.2

  '@deepseek-ai/dsh-brand@0.2.0-rc.2':
    resolution: {integrity: sha512-A5XlN4tIgP0qObkYFhcZ7Oz/tM2oESEZqLwS0Qq+sM1ivGx6o4AMPgJdfKQlwLzqk0cMLNtAaVBHfiYoElt4lw==}
    peerDependencies:
      '@deepseek-ai/cordis': 4.0.4

  '@deepseek-ai/dsh-client-locale@0.2.0-rc.2':
    resolution: {integrity: sha512-JdZPMv/8hLOQNxHk1dM6YbNbChB5S6lGaGAPtraP0670i9Tb4dX+yKOAUgkS7nSoO5TYZztXgI1kgcEregRPJA==}
    peerDependencies:
      '@deepseek-ai/cordis': 4.0.4

  '@deepseek-ai/dsh-client-ui-plugin-manager@0.2.0-rc.2':
    resolution: {integrity: sha512-AncAiGUMawllpfnqirmABN7KXwmVEhu0E8ClJvfsLDhEd2oazZ6nk2nUPHHPu1tVKq+e8IbiTHqwpnlDR7mPUA==}
    peerDependencies:
      '@deepseek-ai/cordis': 4.0.4

  '@deepseek-ai/dsh-client-ui-primitives@0.2.0-rc.2':
    resolution: {integrity: sha512-Zx/MRT8NH6rYEvPnk4FQaHrADM6Dh1PQCprieqdvKj6yFhD/CJUVjSN08suGF6FPQekfVTJtS0WxY1XbQ5Ed9Q==}
    peerDependencies:
      '@deepseek-ai/cordis': 4.0.4

  '@deepseek-ai/dsh-client-ui-settings@0.2.0-rc.2':
    resolution: {integrity: sha512-Kyho8FvRGYb7Ok1t7T429d4Dj/XF8+tE/+MX6T1s41RkXCe7v0sP89i4DUMo6OeUxyE+/uGoAVa5QZXY4O/y+g==}
    peerDependencies:
      '@deepseek-ai/cordis': 4.0.4

  '@deepseek-ai/dsh-credentials@0.2.0-rc.2':
    resolution: {integrity: sha512-TQlvP0jxXYGy1ZNzh4nVsiCzb8FR9iGarD6BfIZ3LwJC8lDtjSxQHWE8//NYjpn10TIMxmaR4s6niHuJ3JkTOw==}
    peerDependencies:
      '@deepseek-ai/cordis': 4.0.4
      '@deepseek-ai/dsh-invariants': 0.2.0-rc.2

  '@deepseek-ai/dsh-deque@0.2.0-rc.2':
    resolution: {integrity: sha512-XwZvafZAxyDm2TRnQetEizuczZ1UG7RhO8vmmIUbAdjbRbMA15NOTlJ3d24uw+I8gcSKKkmWl/jwoKYKl/qo/A==}
    peerDependencies:
      '@deepseek-ai/cordis': 4.0.4

  '@deepseek-ai/dsh-invariants@0.2.0-rc.2':
    resolution: {integrity: sha512-QOVc0HpRsS8ekvprb45FlxieDvgR/cAMaxW289HASjMoV/U/B54FpbkHuPBw4EnTw07/sPkjx2B/23+YqE0cbg==}
    peerDependencies:
      '@deepseek-ai/cordis': 4.0.4

  '@deepseek-ai/dsh-launch-environment@0.2.0-rc.2':
    resolution: {integrity: sha512-IyhZjJJQ7RVLcKlc4pPPjojOKrr2XCYm7VRpslFq7bvGj3DGt8WMTSCCZUWxCThY2jg6kFF1ujiTGunELfRO6Q==}
    peerDependencies:
      '@deepseek-ai/cordis': 4.0.4

  '@deepseek-ai/dsh-llm@0.2.0-rc.2':
    resolution: {integrity: sha512-6QFrQn/h0iNqCfPpgQidnHtLSpA99A7ZND/uYKaGSd/4BGP8KBhuRd0w63e9s4u+hfW8jc3j29WKcNLIOeUfcA==}
    peerDependencies:
      '@deepseek-ai/cordis': 4.0.4

  '@deepseek-ai/dsh-scope@0.2.0-rc.2':
    resolution: {integrity: sha512-066p7Wv74GNWt4xA5Cyvl+7c/i9KrNEDALYh2/hu0VsJPLb4T9He+TY7y1bld9OgungmqyTy1n/cB2ZrVskvxA==}
    peerDependencies:
      '@deepseek-ai/cordis': 4.0.4
      '@deepseek-ai/dsh-invariants': 0.2.0-rc.2

  '@deepseek-ai/dsh-session-projection@0.2.0-rc.2':
    resolution: {integrity: sha512-caJ+XGjmR8ouws0LrvuXrabrzi21akB2l8CniUHdx4IpT6GkLapFYlWLbjZlDYqEWB3ktR+q32nxW2s+f27GSA==}
    peerDependencies:
      '@deepseek-ai/cordis': 4.0.4
      '@deepseek-ai/dsh-session': 0.2.0-rc.2

  '@deepseek-ai/dsh-session@0.2.0-rc.2':
    resolution: {integrity: sha512-wj+6MeqCYbDcbEvKH3puHyEGdjyu51JwBoN6Ua2tz6griLufDgLM5HpSU40L5xgpbOfrYVhXZs4vRgOrMlFY2g==}
    peerDependencies:
      '@deepseek-ai/cordis': 4.0.4
      '@deepseek-ai/dsh-scope': 0.2.0-rc.2

  '@deepseek-ai/dsh-system-prompt@0.2.0-rc.2':
    resolution: {integrity: sha512-ZZNk2gkXFV8CIT0IOZXS+pFaxNVJaRknYyH2vc4ZgZAiHKT+RqUYNr8e1F5Kp0AaN0DNlcTkjOGP5MCxeXfDjg==}
    peerDependencies:
      '@deepseek-ai/cordis': 4.0.4
      '@deepseek-ai/dsh-invariants': 0.2.0-rc.2
      '@deepseek-ai/dsh-llm': 0.2.0-rc.2
      '@deepseek-ai/dsh-scope': 0.2.0-rc.2

  '@deepseek-ai/dsh-timeout@0.2.0-rc.2':
    resolution: {integrity: sha512-NDob8b8DJDB/sDPz3P7xhrkxOh1O9FbN1EZRKsxP4fuTfp4hrQU7aekYS5qZENFKoR8dBJMTh/zcEBw4m31glQ==}
    peerDependencies:
      '@deepseek-ai/cordis': 4.0.4

  '@deepseek-ai/dsh-typert-protocol@0.2.0-rc.2':
    resolution: {integrity: sha512-95RvIDcVac2BWdv1IxN6yKlRV+8eEvkofqSxV+d0r8x1kx2EIWEsbdxz6C+coYIm+8e03MiN+rwOt8J7sLfe7Q==}
    peerDependencies:
      '@deepseek-ai/cordis': 4.0.4

  '@deepseek-ai/dsh-util-crypto@0.2.0-rc.2':
    resolution: {integrity: sha512-5OvvmepY69uXTagUMlnoHqg7euI4ZMifLgfdV8xZO20OslWGGiRCkJbZRyDtcJG9GsXWz9UimfWmUu52zKXJ5w==}
    peerDependencies:
      '@deepseek-ai/cordis': 4.0.4

  '@deepseek-ai/dsh-util-values@0.2.0-rc.2':
    resolution: {integrity: sha512-qgpsbgiZABuE9UvgNaVo9b2HiWwLeU93CTl9PFXqE0jN8ap1ALxzQsLGvr/q2MJuWDYqnFBg60XnqnY8ZxPWEg==}
    peerDependencies:
      '@deepseek-ai/cordis': 4.0.4

  '@deepseek-ai/dsh-web-search-deepseek@0.2.0-rc.2':
    resolution: {integrity: sha512-WZUPkdO80qbwPatgl5TfRvMRm02L2UELjRYhizNF8Z0RszO85UJdB04PSKXfKxOvjMKRwTPBsbG0JAdBbLpkqg==}
    peerDependencies:
      '@deepseek-ai/cordis': 4.0.4
      '@deepseek-ai/dsh-agent': 0.2.0-rc.2
      '@deepseek-ai/dsh-credentials': 0.2.0-rc.2
      '@deepseek-ai/dsh-deepseek-account': 0.2.0-rc.2
      '@deepseek-ai/dsh-launch-environment': 0.2.0-rc.2
      '@deepseek-ai/dsh-session': 0.2.0-rc.2
      '@deepseek-ai/dsh-web': 0.2.0-rc.2
    peerDependenciesMeta:
      '@deepseek-ai/dsh-deepseek-account':
        optional: true

  '@deepseek-ai/dsh-web@0.2.0-rc.2':
    resolution: {integrity: sha512-d44eM9mMqGnQUGsjqUc6k1G9QrC0w+TWx6Cw6I1iXJkVw5LZ/hpVVzsuCqck8GGS8+GK20kqjGUJSyomfEgd1A==}
    peerDependencies:
      '@deepseek-ai/cordis': 4.0.4
      '@deepseek-ai/dsh-llm': 0.2.0-rc.2

  '@deepseek-ai/schemastery@3.18.4':
    resolution: {integrity: sha512-SSXO6tYuyrIqKVbmOnIq0s+riUywYzouFMcnBluHF9n4KMo2G8HvEzhCYj6pj2617/glOjbJuVInJ9hfONsjkg==}

  '@playwright/test@1.62.1':
    resolution: {integrity: sha512-DTcUc8qii+cpHvtOwggMtBRMjKZHXYWdw8syRYu2vtzuq4Wxphqq4NfCs5Zt44L6mA8rfDfj+PHnxFc/FeK6mQ==}
    engines: {node: '>=20'}
    hasBin: true

  '@standard-schema/spec@1.1.0':
    resolution: {integrity: sha512-l2aFy5jALhniG5HgqrD6jXLi/rUWrKvqN/qJx6yoJsgKhblVd+iqqU4RCXavm/jPityDo5TCvKMnpjKnOriy0w==}

  fsevents@2.3.2:
    resolution: {integrity: sha512-xiqMQR4xAeHTuB9uWm+fFRcIOgKBMiOBP+eXiyT7jsgVCq1bkVygt00oASowB7EdtpOHaaPgKt812P9ab+DDKA==}
    engines: {node: ^8.16.0 || ^10.6.0 || >=11.0.0}
    os: [darwin]

  playwright-core@1.62.1:
    resolution: {integrity: sha512-wPYSwEBJY9GHraISXqyqtx0na0LpO3XEX7jNDhntbex7tzUS7kLnZsOlFruFJB4Hi/rhDMjXGqHewDZ68nYZVw==}
    engines: {node: '>=20'}
    hasBin: true

  playwright@1.62.1:
    resolution: {integrity: sha512-0M+L3LAD8/nm554LOla9Ayx0j0tmFZ0FBcoQ7F1VuVHpM/XpiC8RcDzBQB8W5+hA8L22THxELzeF+2WcUzvcLg==}
    engines: {node: '>=20'}
    hasBin: true

  zod@4.6.5:
    resolution: {integrity: sha512-v5l/aFXZQeai4awLbOpSoHecE9UiMrnfx75tEXLjNonXVARxQ5mOeipTjROUchszUNCqnE+hqAMujRsRHsut2Q==}

snapshots:

  '@deepseek-ai/cordis@4.0.4':
    dependencies:
      '@deepseek-ai/cosmokit': 1.8.5
      '@standard-schema/spec': 1.1.0

  '@deepseek-ai/cosmokit@1.8.5': {}

  '@deepseek-ai/dsh-agent@0.2.0-rc.2(b872d4d836bb263e5b3a50782f98c977)':
    dependencies:
      '@deepseek-ai/cordis': 4.0.4
      '@deepseek-ai/dsh-invariants': 0.2.0-rc.2(@deepseek-ai/cordis@4.0.4)
      '@deepseek-ai/dsh-llm': 0.2.0-rc.2(@deepseek-ai/cordis@4.0.4)
      '@deepseek-ai/dsh-scope': 0.2.0-rc.2(@deepseek-ai/cordis@4.0.4)(@deepseek-ai/dsh-invariants@0.2.0-rc.2(@deepseek-ai/cordis@4.0.4))
      '@deepseek-ai/dsh-session': 0.2.0-rc.2(@deepseek-ai/cordis@4.0.4)(@deepseek-ai/dsh-scope@0.2.0-rc.2(@deepseek-ai/cordis@4.0.4)(@deepseek-ai/dsh-invariants@0.2.0-rc.2(@deepseek-ai/cordis@4.0.4)))
      '@deepseek-ai/dsh-session-projection': 0.2.0-rc.2(@deepseek-ai/cordis@4.0.4)(@deepseek-ai/dsh-session@0.2.0-rc.2(@deepseek-ai/cordis@4.0.4)(@deepseek-ai/dsh-scope@0.2.0-rc.2(@deepseek-ai/cordis@4.0.4)(@deepseek-ai/dsh-invariants@0.2.0-rc.2(@deepseek-ai/cordis@4.0.4))))
      '@deepseek-ai/dsh-system-prompt': 0.2.0-rc.2(@deepseek-ai/cordis@4.0.4)(@deepseek-ai/dsh-invariants@0.2.0-rc.2(@deepseek-ai/cordis@4.0.4))(@deepseek-ai/dsh-llm@0.2.0-rc.2(@deepseek-ai/cordis@4.0.4))(@deepseek-ai/dsh-scope@0.2.0-rc.2(@deepseek-ai/cordis@4.0.4)(@deepseek-ai/dsh-invariants@0.2.0-rc.2(@deepseek-ai/cordis@4.0.4)))
      '@deepseek-ai/dsh-typert-protocol': 0.2.0-rc.2(@deepseek-ai/cordis@4.0.4)
      '@deepseek-ai/dsh-util-values': 0.2.0-rc.2(@deepseek-ai/cordis@4.0.4)

  '@deepseek-ai/dsh-api-remotes@0.2.0-rc.2(@deepseek-ai/cordis@4.0.4)(@deepseek-ai/dsh-scope@0.2.0-rc.2(@deepseek-ai/cordis@4.0.4)(@deepseek-ai/dsh-invariants@0.2.0-rc.2(@deepseek-ai/cordis@4.0.4)))':
    dependencies:
      '@deepseek-ai/cordis': 4.0.4
      '@deepseek-ai/dsh-deque': 0.2.0-rc.2(@deepseek-ai/cordis@4.0.4)
      '@deepseek-ai/dsh-scope': 0.2.0-rc.2(@deepseek-ai/cordis@4.0.4)(@deepseek-ai/dsh-invariants@0.2.0-rc.2(@deepseek-ai/cordis@4.0.4))
      '@deepseek-ai/dsh-session': 0.2.0-rc.2(@deepseek-ai/cordis@4.0.4)(@deepseek-ai/dsh-scope@0.2.0-rc.2(@deepseek-ai/cordis@4.0.4)(@deepseek-ai/dsh-invariants@0.2.0-rc.2(@deepseek-ai/cordis@4.0.4)))
      '@deepseek-ai/dsh-util-values': 0.2.0-rc.2(@deepseek-ai/cordis@4.0.4)

  '@deepseek-ai/dsh-brand@0.2.0-rc.2(@deepseek-ai/cordis@4.0.4)':
    dependencies:
      '@deepseek-ai/cordis': 4.0.4

  '@deepseek-ai/dsh-client-locale@0.2.0-rc.2(@deepseek-ai/cordis@4.0.4)':
    dependencies:
      '@deepseek-ai/cordis': 4.0.4
      '@deepseek-ai/schemastery': 3.18.4

  '@deepseek-ai/dsh-client-ui-plugin-manager@0.2.0-rc.2(@deepseek-ai/cordis@4.0.4)':
    dependencies:
      '@deepseek-ai/cordis': 4.0.4
      '@deepseek-ai/dsh-timeout': 0.2.0-rc.2(@deepseek-ai/cordis@4.0.4)
      '@deepseek-ai/dsh-typert-protocol': 0.2.0-rc.2(@deepseek-ai/cordis@4.0.4)
      '@deepseek-ai/schemastery': 3.18.4
      zod: 4.6.5

  '@deepseek-ai/dsh-client-ui-primitives@0.2.0-rc.2(@deepseek-ai/cordis@4.0.4)':
    dependencies:
      '@deepseek-ai/cordis': 4.0.4

  '@deepseek-ai/dsh-client-ui-settings@0.2.0-rc.2(@deepseek-ai/cordis@4.0.4)':
    dependencies:
      '@deepseek-ai/cordis': 4.0.4
      '@deepseek-ai/schemastery': 3.18.4

  '@deepseek-ai/dsh-credentials@0.2.0-rc.2(@deepseek-ai/cordis@4.0.4)(@deepseek-ai/dsh-invariants@0.2.0-rc.2(@deepseek-ai/cordis@4.0.4))':
    dependencies:
      '@deepseek-ai/cordis': 4.0.4
      '@deepseek-ai/dsh-brand': 0.2.0-rc.2(@deepseek-ai/cordis@4.0.4)
      '@deepseek-ai/dsh-invariants': 0.2.0-rc.2(@deepseek-ai/cordis@4.0.4)

  '@deepseek-ai/dsh-deque@0.2.0-rc.2(@deepseek-ai/cordis@4.0.4)':
    dependencies:
      '@deepseek-ai/cordis': 4.0.4

  '@deepseek-ai/dsh-invariants@0.2.0-rc.2(@deepseek-ai/cordis@4.0.4)':
    dependencies:
      '@deepseek-ai/cordis': 4.0.4
      '@deepseek-ai/schemastery': 3.18.4

  '@deepseek-ai/dsh-launch-environment@0.2.0-rc.2(@deepseek-ai/cordis@4.0.4)':
    dependencies:
      '@deepseek-ai/cordis': 4.0.4

  '@deepseek-ai/dsh-llm@0.2.0-rc.2(@deepseek-ai/cordis@4.0.4)':
    dependencies:
      '@deepseek-ai/cordis': 4.0.4
      '@deepseek-ai/dsh-brand': 0.2.0-rc.2(@deepseek-ai/cordis@4.0.4)
      '@deepseek-ai/dsh-timeout': 0.2.0-rc.2(@deepseek-ai/cordis@4.0.4)
      '@deepseek-ai/dsh-typert-protocol': 0.2.0-rc.2(@deepseek-ai/cordis@4.0.4)
      '@deepseek-ai/dsh-util-crypto': 0.2.0-rc.2(@deepseek-ai/cordis@4.0.4)
      '@deepseek-ai/dsh-util-values': 0.2.0-rc.2(@deepseek-ai/cordis@4.0.4)
      '@deepseek-ai/schemastery': 3.18.4
      zod: 4.6.5

  '@deepseek-ai/dsh-scope@0.2.0-rc.2(@deepseek-ai/cordis@4.0.4)(@deepseek-ai/dsh-invariants@0.2.0-rc.2(@deepseek-ai/cordis@4.0.4))':
    dependencies:
      '@deepseek-ai/cordis': 4.0.4
      '@deepseek-ai/dsh-invariants': 0.2.0-rc.2(@deepseek-ai/cordis@4.0.4)

  '@deepseek-ai/dsh-session-projection@0.2.0-rc.2(@deepseek-ai/cordis@4.0.4)(@deepseek-ai/dsh-session@0.2.0-rc.2(@deepseek-ai/cordis@4.0.4)(@deepseek-ai/dsh-scope@0.2.0-rc.2(@deepseek-ai/cordis@4.0.4)(@deepseek-ai/dsh-invariants@0.2.0-rc.2(@deepseek-ai/cordis@4.0.4))))':
    dependencies:
      '@deepseek-ai/cordis': 4.0.4
      '@deepseek-ai/dsh-session': 0.2.0-rc.2(@deepseek-ai/cordis@4.0.4)(@deepseek-ai/dsh-scope@0.2.0-rc.2(@deepseek-ai/cordis@4.0.4)(@deepseek-ai/dsh-invariants@0.2.0-rc.2(@deepseek-ai/cordis@4.0.4)))
      zod: 4.6.5

  '@deepseek-ai/dsh-session@0.2.0-rc.2(@deepseek-ai/cordis@4.0.4)(@deepseek-ai/dsh-scope@0.2.0-rc.2(@deepseek-ai/cordis@4.0.4)(@deepseek-ai/dsh-invariants@0.2.0-rc.2(@deepseek-ai/cordis@4.0.4)))':
    dependencies:
      '@deepseek-ai/cordis': 4.0.4
      '@deepseek-ai/dsh-brand': 0.2.0-rc.2(@deepseek-ai/cordis@4.0.4)
      '@deepseek-ai/dsh-llm': 0.2.0-rc.2(@deepseek-ai/cordis@4.0.4)
      '@deepseek-ai/dsh-scope': 0.2.0-rc.2(@deepseek-ai/cordis@4.0.4)(@deepseek-ai/dsh-invariants@0.2.0-rc.2(@deepseek-ai/cordis@4.0.4))
      '@deepseek-ai/dsh-util-values': 0.2.0-rc.2(@deepseek-ai/cordis@4.0.4)

  '@deepseek-ai/dsh-system-prompt@0.2.0-rc.2(@deepseek-ai/cordis@4.0.4)(@deepseek-ai/dsh-invariants@0.2.0-rc.2(@deepseek-ai/cordis@4.0.4))(@deepseek-ai/dsh-llm@0.2.0-rc.2(@deepseek-ai/cordis@4.0.4))(@deepseek-ai/dsh-scope@0.2.0-rc.2(@deepseek-ai/cordis@4.0.4)(@deepseek-ai/dsh-invariants@0.2.0-rc.2(@deepseek-ai/cordis@4.0.4)))':
    dependencies:
      '@deepseek-ai/cordis': 4.0.4
      '@deepseek-ai/dsh-invariants': 0.2.0-rc.2(@deepseek-ai/cordis@4.0.4)
      '@deepseek-ai/dsh-llm': 0.2.0-rc.2(@deepseek-ai/cordis@4.0.4)
      '@deepseek-ai/dsh-scope': 0.2.0-rc.2(@deepseek-ai/cordis@4.0.4)(@deepseek-ai/dsh-invariants@0.2.0-rc.2(@deepseek-ai/cordis@4.0.4))
      '@deepseek-ai/schemastery': 3.18.4

  '@deepseek-ai/dsh-timeout@0.2.0-rc.2(@deepseek-ai/cordis@4.0.4)':
    dependencies:
      '@deepseek-ai/cordis': 4.0.4

  '@deepseek-ai/dsh-typert-protocol@0.2.0-rc.2(@deepseek-ai/cordis@4.0.4)':
    dependencies:
      '@deepseek-ai/cordis': 4.0.4
      '@deepseek-ai/dsh-brand': 0.2.0-rc.2(@deepseek-ai/cordis@4.0.4)

  '@deepseek-ai/dsh-util-crypto@0.2.0-rc.2(@deepseek-ai/cordis@4.0.4)':
    dependencies:
      '@deepseek-ai/cordis': 4.0.4

  '@deepseek-ai/dsh-util-values@0.2.0-rc.2(@deepseek-ai/cordis@4.0.4)':
    dependencies:
      '@deepseek-ai/cordis': 4.0.4

  '@deepseek-ai/dsh-web-search-deepseek@0.2.0-rc.2(@deepseek-ai/cordis@4.0.4)(@deepseek-ai/dsh-agent@0.2.0-rc.2(b872d4d836bb263e5b3a50782f98c977))(@deepseek-ai/dsh-credentials@0.2.0-rc.2(@deepseek-ai/cordis@4.0.4)(@deepseek-ai/dsh-invariants@0.2.0-rc.2(@deepseek-ai/cordis@4.0.4)))(@deepseek-ai/dsh-launch-environment@0.2.0-rc.2(@deepseek-ai/cordis@4.0.4))(@deepseek-ai/dsh-session@0.2.0-rc.2(@deepseek-ai/cordis@4.0.4)(@deepseek-ai/dsh-scope@0.2.0-rc.2(@deepseek-ai/cordis@4.0.4)(@deepseek-ai/dsh-invariants@0.2.0-rc.2(@deepseek-ai/cordis@4.0.4))))(@deepseek-ai/dsh-web@0.2.0-rc.2(@deepseek-ai/cordis@4.0.4)(@deepseek-ai/dsh-llm@0.2.0-rc.2(@deepseek-ai/cordis@4.0.4)))':
    dependencies:
      '@deepseek-ai/cordis': 4.0.4
      '@deepseek-ai/dsh-agent': 0.2.0-rc.2(b872d4d836bb263e5b3a50782f98c977)
      '@deepseek-ai/dsh-credentials': 0.2.0-rc.2(@deepseek-ai/cordis@4.0.4)(@deepseek-ai/dsh-invariants@0.2.0-rc.2(@deepseek-ai/cordis@4.0.4))
      '@deepseek-ai/dsh-launch-environment': 0.2.0-rc.2(@deepseek-ai/cordis@4.0.4)
      '@deepseek-ai/dsh-session': 0.2.0-rc.2(@deepseek-ai/cordis@4.0.4)(@deepseek-ai/dsh-scope@0.2.0-rc.2(@deepseek-ai/cordis@4.0.4)(@deepseek-ai/dsh-invariants@0.2.0-rc.2(@deepseek-ai/cordis@4.0.4)))
      '@deepseek-ai/dsh-web': 0.2.0-rc.2(@deepseek-ai/cordis@4.0.4)(@deepseek-ai/dsh-llm@0.2.0-rc.2(@deepseek-ai/cordis@4.0.4))
      '@deepseek-ai/schemastery': 3.18.4

  '@deepseek-ai/dsh-web@0.2.0-rc.2(@deepseek-ai/cordis@4.0.4)(@deepseek-ai/dsh-llm@0.2.0-rc.2(@deepseek-ai/cordis@4.0.4))':
    dependencies:
      '@deepseek-ai/cordis': 4.0.4
      '@deepseek-ai/dsh-llm': 0.2.0-rc.2(@deepseek-ai/cordis@4.0.4)
      '@deepseek-ai/schemastery': 3.18.4

  '@deepseek-ai/schemastery@3.18.4':
    dependencies:
      '@deepseek-ai/cosmokit': 1.8.5
      '@standard-schema/spec': 1.1.0

  '@playwright/test@1.62.1':
    dependencies:
      playwright: 1.62.1

  '@standard-schema/spec@1.1.0': {}

  fsevents@2.3.2:
    optional: true

  playwright-core@1.62.1: {}

  playwright@1.62.1:
    dependencies:
      playwright-core: 1.62.1
    optionalDependencies:
      fsevents: 2.3.2

  zod@4.6.5: {}
