lockfileVersion: '9.0'

settings:
  autoInstallPeers: true
  excludeLinksFromLockfile: false

overrides:
  '@deepseek-ai/cordis': 4.0.4
  '@deepseek-ai/dsh-credentials': 0.1.7-alpha.2
  '@deepseek-ai/dsh-launch-environment': 0.1.7-alpha.2
  '@deepseek-ai/dsh-web': 0.1.7-alpha.2
  '@deepseek-ai/dsh-web-search-deepseek': 0.1.7-alpha.2
  '@deepseek-ai/schemastery': 3.18.4

importers:

  .:
    dependencies:
      '@deepseek-ai/cordis':
        specifier: 4.0.4
        version: 4.0.4
      '@deepseek-ai/dsh-credentials':
        specifier: 0.1.7-alpha.2
        version: 0.1.7-alpha.2(@deepseek-ai/cordis@4.0.4)(@deepseek-ai/dsh-invariants@0.1.7-alpha.2(@deepseek-ai/cordis@4.0.4))
      '@deepseek-ai/dsh-launch-environment':
        specifier: 0.1.7-alpha.2
        version: 0.1.7-alpha.2(@deepseek-ai/cordis@4.0.4)
      '@deepseek-ai/dsh-llm':
        specifier: '>=0.1.7-alpha.2 <0.3.0'
        version: 0.1.7-alpha.2(@deepseek-ai/cordis@4.0.4)
      '@deepseek-ai/dsh-web':
        specifier: 0.1.7-alpha.2
        version: 0.1.7-alpha.2(@deepseek-ai/cordis@4.0.4)(@deepseek-ai/dsh-llm@0.1.7-alpha.2(@deepseek-ai/cordis@4.0.4))
      '@deepseek-ai/dsh-web-search-deepseek':
        specifier: 0.1.7-alpha.2
        version: 0.1.7-alpha.2(@deepseek-ai/cordis@4.0.4)(@deepseek-ai/dsh-agent@0.1.7-alpha.2(f6373fbb650642e334325b83884d4465))(@deepseek-ai/dsh-credentials@0.1.7-alpha.2(@deepseek-ai/cordis@4.0.4)(@deepseek-ai/dsh-invariants@0.1.7-alpha.2(@deepseek-ai/cordis@4.0.4)))(@deepseek-ai/dsh-launch-environment@0.1.7-alpha.2(@deepseek-ai/cordis@4.0.4))(@deepseek-ai/dsh-session@0.1.7-alpha.2(@deepseek-ai/cordis@4.0.4)(@deepseek-ai/dsh-scope@0.1.7-alpha.2(@deepseek-ai/cordis@4.0.4)(@deepseek-ai/dsh-invariants@0.1.7-alpha.2(@deepseek-ai/cordis@4.0.4))))(@deepseek-ai/dsh-web@0.1.7-alpha.2(@deepseek-ai/cordis@4.0.4)(@deepseek-ai/dsh-llm@0.1.7-alpha.2(@deepseek-ai/cordis@4.0.4)))
      '@deepseek-ai/schemastery':
        specifier: 3.18.4
        version: 3.18.4
    devDependencies:
      '@deepseek-ai/dsh-api-remotes':
        specifier: 0.1.7-alpha.2
        version: 0.1.7-alpha.2(@deepseek-ai/cordis@4.0.4)(@deepseek-ai/dsh-scope@0.1.7-alpha.2(@deepseek-ai/cordis@4.0.4)(@deepseek-ai/dsh-invariants@0.1.7-alpha.2(@deepseek-ai/cordis@4.0.4)))
      '@deepseek-ai/dsh-client-locale':
        specifier: 0.1.7-alpha.2
        version: 0.1.7-alpha.2(@deepseek-ai/cordis@4.0.4)
      '@deepseek-ai/dsh-client-ui-plugin-manager':
        specifier: 0.1.7-alpha.2
        version: 0.1.7-alpha.2(@deepseek-ai/cordis@4.0.4)
      '@deepseek-ai/dsh-client-ui-primitives':
        specifier: 0.1.7-alpha.2
        version: 0.1.7-alpha.2(@deepseek-ai/cordis@4.0.4)
      '@deepseek-ai/dsh-client-ui-settings':
        specifier: 0.1.7-alpha.2
        version: 0.1.7-alpha.2(@deepseek-ai/cordis@4.0.4)
      '@playwright/test':
        specifier: ^1.62.1
        version: 1.62.1

packages:

  '@deepseek-ai/cordis@4.0.4':
    resolution: {integrity: sha512-obgyxqWAmFn3Re8kvsuUnyW+ihrz6eJCnJO4fh1cQzDtmPYz/zzVeUkH9R94I0OwSVOocK67Kgakm04j/oQXzg==}
    hasBin: true
    peerDependencies:
      '@deepseek-ai/cordis-plugin-include': ~1.0.9
      '@deepseek-ai/cordis-plugin-loader': ~1.0.5
    peerDependenciesMeta:
      '@deepseek-ai/cordis-plugin-include':
        optional: true
      '@deepseek-ai/cordis-plugin-loader':
        optional: true

  '@deepseek-ai/cosmokit@1.8.5':
    resolution: {integrity: sha512-LXsrlem9z8dq4sLflj2yuCuYX7KqhdzF5hZly3eZyuTo8d6oDSOXuEgC5DbQWKW+lksm6zmOutQLsP/ma6wR6A==}

  '@deepseek-ai/dsh-agent@0.1.7-alpha.2':
    resolution: {integrity: sha512-jneRq1DJJTaQ6WrWQRuSPF7JoW22tAigzWkwfDXnI40vk6znhbe+Qsyb6w6+Yy6TueQ0FHtkx04POWABJoiW8w==}
    peerDependencies:
      '@deepseek-ai/cordis': 4.0.4
      '@deepseek-ai/dsh-invariants': 0.1.7-alpha.2
      '@deepseek-ai/dsh-llm': 0.1.7-alpha.2
      '@deepseek-ai/dsh-scope': 0.1.7-alpha.2
      '@deepseek-ai/dsh-session': 0.1.7-alpha.2
      '@deepseek-ai/dsh-session-projection': 0.1.7-alpha.2
      '@deepseek-ai/dsh-system-prompt': 0.1.7-alpha.2
      '@deepseek-ai/dsh-typert-protocol': 0.1.7-alpha.2
      '@deepseek-ai/dsh-util-values': 0.1.7-alpha.2
      '@deepseek-ai/dsh-workspace': 0.1.7-alpha.2
    peerDependenciesMeta:
      '@deepseek-ai/dsh-workspace':
        optional: true

  '@deepseek-ai/dsh-api-remotes@0.1.7-alpha.2':
    resolution: {integrity: sha512-CCbjLy17NGVgtZNfBRTPttghUuWl5Bbx3lhGUMFbQ0jXGqS3+H3EyM+646o4bzttwH76WMLytvUqRRXDUnIrgw==}
    peerDependencies:
      '@deepseek-ai/cordis': 4.0.4
      '@deepseek-ai/dsh-scope': 0.1.7-alpha.2

  '@deepseek-ai/dsh-brand@0.1.7-alpha.2':
    resolution: {integrity: sha512-0WLvVtzqj1c/lb4ZXCVn8wLETITswq4FOQlDW4F99844DsS/oEVpx15yZYSsTKCR24OMH2WQGNikSqRPEcpa1A==}
    peerDependencies:
      '@deepseek-ai/cordis': 4.0.4

  '@deepseek-ai/dsh-client-locale@0.1.7-alpha.2':
    resolution: {integrity: sha512-H/nwvGSRroPAshp4kNYxMRRRr47zgryKRWNT9cGW8gLtNdOTSy+/t2blOoXRCeZttLnQUNiJBpRRoGXPyPfFPw==}
    peerDependencies:
      '@deepseek-ai/cordis': 4.0.4

  '@deepseek-ai/dsh-client-ui-plugin-manager@0.1.7-alpha.2':
    resolution: {integrity: sha512-tfkPgSqLuiZZicVOvt1txnJX/8NgEzp9eVaZn3UoRNhDbHlVC5Ts9FtrjYSN8UUz1KRm4zj7/lDFSBRXZBX6bQ==}
    peerDependencies:
      '@deepseek-ai/cordis': 4.0.4

  '@deepseek-ai/dsh-client-ui-primitives@0.1.7-alpha.2':
    resolution: {integrity: sha512-134R/M4EBHDZ1TUCH1Czu3DrNsEZ4lJ2mW4Y73+AopxeGEp/JCq/xWMkf/XDuV1fgXb+zH8yDX/cWswKufj5YQ==}
    peerDependencies:
      '@deepseek-ai/cordis': 4.0.4

  '@deepseek-ai/dsh-client-ui-settings@0.1.7-alpha.2':
    resolution: {integrity: sha512-Q4i7i4ic3C0OVpNhH0+t79dRFLSw2ERDUV3aeabV+9ZHtuHMkyij81KbwH2CEDpxcZ8laMxnGgYHYQFT6wRrRQ==}
    peerDependencies:
      '@deepseek-ai/cordis': 4.0.4

  '@deepseek-ai/dsh-credentials@0.1.7-alpha.2':
    resolution: {integrity: sha512-Kd968SJkUEzx9aRTnEkg79yuQSTFp5kMv+5pgJrMufFXjkubW59Bo7KdUazXLTT2m+xO8exhx7yBqCIiNGw5wQ==}
    peerDependencies:
      '@deepseek-ai/cordis': 4.0.4
      '@deepseek-ai/dsh-invariants': 0.1.7-alpha.2

  '@deepseek-ai/dsh-deque@0.1.7-alpha.2':
    resolution: {integrity: sha512-N/SWhrMiSpCCOYcoklPG+uP5jqgoJuHyd4k0m5T1VpyK90kwB+uClMszHAP82PEiCFjV1lrurFcxyVDOhHgj5A==}
    peerDependencies:
      '@deepseek-ai/cordis': 4.0.4

  '@deepseek-ai/dsh-invariants@0.1.7-alpha.2':
    resolution: {integrity: sha512-+HEU34B5JM0mL8ucID1TWAPJG5SWpI7pI+Tvey55tz3eUuzkQ4TxluzkWqGBVQUwXSNBHlvfR5h/5DgXSrZwgg==}
    peerDependencies:
      '@deepseek-ai/cordis': 4.0.4

  '@deepseek-ai/dsh-launch-environment@0.1.7-alpha.2':
    resolution: {integrity: sha512-gHCYm6eVbWcvzioPG4odzWOvMnGYVvcS3BbNKNhmSz/usnLWR+X0/K0zukHmAqEBTS5bi+ZeXsdrjEHqhkk4dw==}
    peerDependencies:
      '@deepseek-ai/cordis': 4.0.4

  '@deepseek-ai/dsh-llm@0.1.7-alpha.2':
    resolution: {integrity: sha512-pCYCDTbxFYCLwnhwJqau4SiQ7pv31Zfzk3IfIia87832Rzh6lPMGGgm4h5OSfJo0c/AxqChDhPrHsOvQ1sj67w==}
    peerDependencies:
      '@deepseek-ai/cordis': 4.0.4

  '@deepseek-ai/dsh-scope@0.1.7-alpha.2':
    resolution: {integrity: sha512-cy79bwqucm4hNB4QG5TIrRD4IiRD9GiTLViDSQR7HVf7AhJN/ligIgBhviOiCoJYkzp5Bi79acR1L6raDgEY4A==}
    peerDependencies:
      '@deepseek-ai/cordis': 4.0.4
      '@deepseek-ai/dsh-invariants': 0.1.7-alpha.2

  '@deepseek-ai/dsh-session-projection@0.1.7-alpha.2':
    resolution: {integrity: sha512-s3h3wUBF7ggVUiIeJtheY/GuBD5v6rtdbNP8R9SJlkaunes8p15THXy1ID5ar6yXCKcGWLI9bIGA+cjkyMag1w==}
    peerDependencies:
      '@deepseek-ai/cordis': 4.0.4
      '@deepseek-ai/dsh-session': 0.1.7-alpha.2

  '@deepseek-ai/dsh-session@0.1.7-alpha.2':
    resolution: {integrity: sha512-0rRPX8JS4OLhAp2lF92UJNbNhh6cUDNxUUMmQjqrVwP/1i42e7UyN9t2qo0/QZuEAdMmbbpYLlO/PJCifTtktg==}
    peerDependencies:
      '@deepseek-ai/cordis': 4.0.4
      '@deepseek-ai/dsh-scope': 0.1.7-alpha.2

  '@deepseek-ai/dsh-system-prompt@0.1.7-alpha.2':
    resolution: {integrity: sha512-f+uOC3k7F3iJJPgZODMRw+Lid6/H77G5/4qcmtNgssAWqoAqw9w9fZyH4e6bQCuDdOE/OHQb7O7i2YQlBU03pg==}
    peerDependencies:
      '@deepseek-ai/cordis': 4.0.4
      '@deepseek-ai/dsh-invariants': 0.1.7-alpha.2
      '@deepseek-ai/dsh-llm': 0.1.7-alpha.2
      '@deepseek-ai/dsh-scope': 0.1.7-alpha.2

  '@deepseek-ai/dsh-timeout@0.1.7-alpha.2':
    resolution: {integrity: sha512-NB5PR6hwGVCns9uUpz5iou0dBcqzsj87h0b2ZpvyFRhDRP2VhItXhFDzQC/i0oN3ZvM6cjlY12rJ49NxS19kmg==}
    peerDependencies:
      '@deepseek-ai/cordis': 4.0.4

  '@deepseek-ai/dsh-typert-protocol@0.1.7-alpha.2':
    resolution: {integrity: sha512-oaE3R5G+o2JFFxBo4koTP85TkIi2LiHhbCyglBIucPlhkTDbxfMhEyV2HfjcokSj7iFjQx+D3byMIOsQMF5RFw==}
    peerDependencies:
      '@deepseek-ai/cordis': 4.0.4

  '@deepseek-ai/dsh-util-crypto@0.1.7-alpha.2':
    resolution: {integrity: sha512-vWku6bDu51rAqx0g12j9xh0S6FCSUYl6Lnb1seCVncz7jgCU6R8VA6b8WI8WQE0+wkrdRPbfhnKMF+9EsGTtUg==}
    peerDependencies:
      '@deepseek-ai/cordis': 4.0.4

  '@deepseek-ai/dsh-util-values@0.1.7-alpha.2':
    resolution: {integrity: sha512-6nuFmklLPCLLvM6WV1hUOZkG2JLKaYktaSBFGIe//DkCwagyq2EiU4Yz8uUa6oWyhXmo0TQ9YcRuPAkWmn+m9Q==}
    peerDependencies:
      '@deepseek-ai/cordis': 4.0.4

  '@deepseek-ai/dsh-web-search-deepseek@0.1.7-alpha.2':
    resolution: {integrity: sha512-7Vd/YorxAbwgPhHMtMhlMg0qqkAUEEhd/7fddfuH91mODpmt75TPGB95k/e9yyMYzlji9vrAVwTWIX+19NsCFQ==}
    peerDependencies:
      '@deepseek-ai/cordis': 4.0.4
      '@deepseek-ai/dsh-agent': 0.1.7-alpha.2
      '@deepseek-ai/dsh-credentials': 0.1.7-alpha.2
      '@deepseek-ai/dsh-launch-environment': 0.1.7-alpha.2
      '@deepseek-ai/dsh-session': 0.1.7-alpha.2
      '@deepseek-ai/dsh-web': 0.1.7-alpha.2

  '@deepseek-ai/dsh-web@0.1.7-alpha.2':
    resolution: {integrity: sha512-63YZtQ2yQq65Gx8H2rbQSwQabi9S4zplzxV/mSAnJiakWI+xKYDXWXQu71GvqBaQzu4UlJVjHxgG+jux3QBfwA==}
    peerDependencies:
      '@deepseek-ai/cordis': 4.0.4
      '@deepseek-ai/dsh-llm': 0.1.7-alpha.2

  '@deepseek-ai/schemastery@3.18.4':
    resolution: {integrity: sha512-SSXO6tYuyrIqKVbmOnIq0s+riUywYzouFMcnBluHF9n4KMo2G8HvEzhCYj6pj2617/glOjbJuVInJ9hfONsjkg==}

  '@playwright/test@1.62.1':
    resolution: {integrity: sha512-DTcUc8qii+cpHvtOwggMtBRMjKZHXYWdw8syRYu2vtzuq4Wxphqq4NfCs5Zt44L6mA8rfDfj+PHnxFc/FeK6mQ==}
    engines: {node: '>=20'}
    hasBin: true

  '@standard-schema/spec@1.1.0':
    resolution: {integrity: sha512-l2aFy5jALhniG5HgqrD6jXLi/rUWrKvqN/qJx6yoJsgKhblVd+iqqU4RCXavm/jPityDo5TCvKMnpjKnOriy0w==}

  fsevents@2.3.2:
    resolution: {integrity: sha512-xiqMQR4xAeHTuB9uWm+fFRcIOgKBMiOBP+eXiyT7jsgVCq1bkVygt00oASowB7EdtpOHaaPgKt812P9ab+DDKA==}
    engines: {node: ^8.16.0 || ^10.6.0 || >=11.0.0}
    os: [darwin]

  playwright-core@1.62.1:
    resolution: {integrity: sha512-wPYSwEBJY9GHraISXqyqtx0na0LpO3XEX7jNDhntbex7tzUS7kLnZsOlFruFJB4Hi/rhDMjXGqHewDZ68nYZVw==}
    engines: {node: '>=20'}
    hasBin: true

  playwright@1.62.1:
    resolution: {integrity: sha512-0M+L3LAD8/nm554LOla9Ayx0j0tmFZ0FBcoQ7F1VuVHpM/XpiC8RcDzBQB8W5+hA8L22THxELzeF+2WcUzvcLg==}
    engines: {node: '>=20'}
    hasBin: true

  zod@4.6.5:
    resolution: {integrity: sha512-v5l/aFXZQeai4awLbOpSoHecE9UiMrnfx75tEXLjNonXVARxQ5mOeipTjROUchszUNCqnE+hqAMujRsRHsut2Q==}

snapshots:

  '@deepseek-ai/cordis@4.0.4':
    dependencies:
      '@deepseek-ai/cosmokit': 1.8.5
      '@standard-schema/spec': 1.1.0

  '@deepseek-ai/cosmokit@1.8.5': {}

  '@deepseek-ai/dsh-agent@0.1.7-alpha.2(f6373fbb650642e334325b83884d4465)':
    dependencies:
      '@deepseek-ai/cordis': 4.0.4
      '@deepseek-ai/dsh-invariants': 0.1.7-alpha.2(@deepseek-ai/cordis@4.0.4)
      '@deepseek-ai/dsh-llm': 0.1.7-alpha.2(@deepseek-ai/cordis@4.0.4)
      '@deepseek-ai/dsh-scope': 0.1.7-alpha.2(@deepseek-ai/cordis@4.0.4)(@deepseek-ai/dsh-invariants@0.1.7-alpha.2(@deepseek-ai/cordis@4.0.4))
      '@deepseek-ai/dsh-session': 0.1.7-alpha.2(@deepseek-ai/cordis@4.0.4)(@deepseek-ai/dsh-scope@0.1.7-alpha.2(@deepseek-ai/cordis@4.0.4)(@deepseek-ai/dsh-invariants@0.1.7-alpha.2(@deepseek-ai/cordis@4.0.4)))
      '@deepseek-ai/dsh-session-projection': 0.1.7-alpha.2(@deepseek-ai/cordis@4.0.4)(@deepseek-ai/dsh-session@0.1.7-alpha.2(@deepseek-ai/cordis@4.0.4)(@deepseek-ai/dsh-scope@0.1.7-alpha.2(@deepseek-ai/cordis@4.0.4)(@deepseek-ai/dsh-invariants@0.1.7-alpha.2(@deepseek-ai/cordis@4.0.4))))
      '@deepseek-ai/dsh-system-prompt': 0.1.7-alpha.2(@deepseek-ai/cordis@4.0.4)(@deepseek-ai/dsh-invariants@0.1.7-alpha.2(@deepseek-ai/cordis@4.0.4))(@deepseek-ai/dsh-llm@0.1.7-alpha.2(@deepseek-ai/cordis@4.0.4))(@deepseek-ai/dsh-scope@0.1.7-alpha.2(@deepseek-ai/cordis@4.0.4)(@deepseek-ai/dsh-invariants@0.1.7-alpha.2(@deepseek-ai/cordis@4.0.4)))
      '@deepseek-ai/dsh-typert-protocol': 0.1.7-alpha.2(@deepseek-ai/cordis@4.0.4)
      '@deepseek-ai/dsh-util-values': 0.1.7-alpha.2(@deepseek-ai/cordis@4.0.4)

  '@deepseek-ai/dsh-api-remotes@0.1.7-alpha.2(@deepseek-ai/cordis@4.0.4)(@deepseek-ai/dsh-scope@0.1.7-alpha.2(@deepseek-ai/cordis@4.0.4)(@deepseek-ai/dsh-invariants@0.1.7-alpha.2(@deepseek-ai/cordis@4.0.4)))':
    dependencies:
      '@deepseek-ai/cordis': 4.0.4
      '@deepseek-ai/dsh-deque': 0.1.7-alpha.2(@deepseek-ai/cordis@4.0.4)
      '@deepseek-ai/dsh-scope': 0.1.7-alpha.2(@deepseek-ai/cordis@4.0.4)(@deepseek-ai/dsh-invariants@0.1.7-alpha.2(@deepseek-ai/cordis@4.0.4))
      '@deepseek-ai/dsh-session': 0.1.7-alpha.2(@deepseek-ai/cordis@4.0.4)(@deepseek-ai/dsh-scope@0.1.7-alpha.2(@deepseek-ai/cordis@4.0.4)(@deepseek-ai/dsh-invariants@0.1.7-alpha.2(@deepseek-ai/cordis@4.0.4)))
      '@deepseek-ai/dsh-util-values': 0.1.7-alpha.2(@deepseek-ai/cordis@4.0.4)

  '@deepseek-ai/dsh-brand@0.1.7-alpha.2(@deepseek-ai/cordis@4.0.4)':
    dependencies:
      '@deepseek-ai/cordis': 4.0.4

  '@deepseek-ai/dsh-client-locale@0.1.7-alpha.2(@deepseek-ai/cordis@4.0.4)':
    dependencies:
      '@deepseek-ai/cordis': 4.0.4
      '@deepseek-ai/schemastery': 3.18.4

  '@deepseek-ai/dsh-client-ui-plugin-manager@0.1.7-alpha.2(@deepseek-ai/cordis@4.0.4)':
    dependencies:
      '@deepseek-ai/cordis': 4.0.4
      '@deepseek-ai/dsh-timeout': 0.1.7-alpha.2(@deepseek-ai/cordis@4.0.4)
      '@deepseek-ai/dsh-typert-protocol': 0.1.7-alpha.2(@deepseek-ai/cordis@4.0.4)
      '@deepseek-ai/schemastery': 3.18.4
      zod: 4.6.5

  '@deepseek-ai/dsh-client-ui-primitives@0.1.7-alpha.2(@deepseek-ai/cordis@4.0.4)':
    dependencies:
      '@deepseek-ai/cordis': 4.0.4

  '@deepseek-ai/dsh-client-ui-settings@0.1.7-alpha.2(@deepseek-ai/cordis@4.0.4)':
    dependencies:
      '@deepseek-ai/cordis': 4.0.4
      '@deepseek-ai/schemastery': 3.18.4

  '@deepseek-ai/dsh-credentials@0.1.7-alpha.2(@deepseek-ai/cordis@4.0.4)(@deepseek-ai/dsh-invariants@0.1.7-alpha.2(@deepseek-ai/cordis@4.0.4))':
    dependencies:
      '@deepseek-ai/cordis': 4.0.4
      '@deepseek-ai/dsh-brand': 0.1.7-alpha.2(@deepseek-ai/cordis@4.0.4)
      '@deepseek-ai/dsh-invariants': 0.1.7-alpha.2(@deepseek-ai/cordis@4.0.4)

  '@deepseek-ai/dsh-deque@0.1.7-alpha.2(@deepseek-ai/cordis@4.0.4)':
    dependencies:
      '@deepseek-ai/cordis': 4.0.4

  '@deepseek-ai/dsh-invariants@0.1.7-alpha.2(@deepseek-ai/cordis@4.0.4)':
    dependencies:
      '@deepseek-ai/cordis': 4.0.4
      '@deepseek-ai/schemastery': 3.18.4

  '@deepseek-ai/dsh-launch-environment@0.1.7-alpha.2(@deepseek-ai/cordis@4.0.4)':
    dependencies:
      '@deepseek-ai/cordis': 4.0.4

  '@deepseek-ai/dsh-llm@0.1.7-alpha.2(@deepseek-ai/cordis@4.0.4)':
    dependencies:
      '@deepseek-ai/cordis': 4.0.4
      '@deepseek-ai/dsh-brand': 0.1.7-alpha.2(@deepseek-ai/cordis@4.0.4)
      '@deepseek-ai/dsh-timeout': 0.1.7-alpha.2(@deepseek-ai/cordis@4.0.4)
      '@deepseek-ai/dsh-typert-protocol': 0.1.7-alpha.2(@deepseek-ai/cordis@4.0.4)
      '@deepseek-ai/dsh-util-crypto': 0.1.7-alpha.2(@deepseek-ai/cordis@4.0.4)
      '@deepseek-ai/dsh-util-values': 0.1.7-alpha.2(@deepseek-ai/cordis@4.0.4)
      '@deepseek-ai/schemastery': 3.18.4
      zod: 4.6.5

  '@deepseek-ai/dsh-scope@0.1.7-alpha.2(@deepseek-ai/cordis@4.0.4)(@deepseek-ai/dsh-invariants@0.1.7-alpha.2(@deepseek-ai/cordis@4.0.4))':
    dependencies:
      '@deepseek-ai/cordis': 4.0.4
      '@deepseek-ai/dsh-invariants': 0.1.7-alpha.2(@deepseek-ai/cordis@4.0.4)

  '@deepseek-ai/dsh-session-projection@0.1.7-alpha.2(@deepseek-ai/cordis@4.0.4)(@deepseek-ai/dsh-session@0.1.7-alpha.2(@deepseek-ai/cordis@4.0.4)(@deepseek-ai/dsh-scope@0.1.7-alpha.2(@deepseek-ai/cordis@4.0.4)(@deepseek-ai/dsh-invariants@0.1.7-alpha.2(@deepseek-ai/cordis@4.0.4))))':
    dependencies:
      '@deepseek-ai/cordis': 4.0.4
      '@deepseek-ai/dsh-session': 0.1.7-alpha.2(@deepseek-ai/cordis@4.0.4)(@deepseek-ai/dsh-scope@0.1.7-alpha.2(@deepseek-ai/cordis@4.0.4)(@deepseek-ai/dsh-invariants@0.1.7-alpha.2(@deepseek-ai/cordis@4.0.4)))
      zod: 4.6.5

  '@deepseek-ai/dsh-session@0.1.7-alpha.2(@deepseek-ai/cordis@4.0.4)(@deepseek-ai/dsh-scope@0.1.7-alpha.2(@deepseek-ai/cordis@4.0.4)(@deepseek-ai/dsh-invariants@0.1.7-alpha.2(@deepseek-ai/cordis@4.0.4)))':
    dependencies:
      '@deepseek-ai/cordis': 4.0.4
      '@deepseek-ai/dsh-brand': 0.1.7-alpha.2(@deepseek-ai/cordis@4.0.4)
      '@deepseek-ai/dsh-llm': 0.1.7-alpha.2(@deepseek-ai/cordis@4.0.4)
      '@deepseek-ai/dsh-scope': 0.1.7-alpha.2(@deepseek-ai/cordis@4.0.4)(@deepseek-ai/dsh-invariants@0.1.7-alpha.2(@deepseek-ai/cordis@4.0.4))
      '@deepseek-ai/dsh-util-values': 0.1.7-alpha.2(@deepseek-ai/cordis@4.0.4)

  '@deepseek-ai/dsh-system-prompt@0.1.7-alpha.2(@deepseek-ai/cordis@4.0.4)(@deepseek-ai/dsh-invariants@0.1.7-alpha.2(@deepseek-ai/cordis@4.0.4))(@deepseek-ai/dsh-llm@0.1.7-alpha.2(@deepseek-ai/cordis@4.0.4))(@deepseek-ai/dsh-scope@0.1.7-alpha.2(@deepseek-ai/cordis@4.0.4)(@deepseek-ai/dsh-invariants@0.1.7-alpha.2(@deepseek-ai/cordis@4.0.4)))':
    dependencies:
      '@deepseek-ai/cordis': 4.0.4
      '@deepseek-ai/dsh-invariants': 0.1.7-alpha.2(@deepseek-ai/cordis@4.0.4)
      '@deepseek-ai/dsh-llm': 0.1.7-alpha.2(@deepseek-ai/cordis@4.0.4)
      '@deepseek-ai/dsh-scope': 0.1.7-alpha.2(@deepseek-ai/cordis@4.0.4)(@deepseek-ai/dsh-invariants@0.1.7-alpha.2(@deepseek-ai/cordis@4.0.4))
      '@deepseek-ai/schemastery': 3.18.4

  '@deepseek-ai/dsh-timeout@0.1.7-alpha.2(@deepseek-ai/cordis@4.0.4)':
    dependencies:
      '@deepseek-ai/cordis': 4.0.4

  '@deepseek-ai/dsh-typert-protocol@0.1.7-alpha.2(@deepseek-ai/cordis@4.0.4)':
    dependencies:
      '@deepseek-ai/cordis': 4.0.4
      '@deepseek-ai/dsh-brand': 0.1.7-alpha.2(@deepseek-ai/cordis@4.0.4)

  '@deepseek-ai/dsh-util-crypto@0.1.7-alpha.2(@deepseek-ai/cordis@4.0.4)':
    dependencies:
      '@deepseek-ai/cordis': 4.0.4

  '@deepseek-ai/dsh-util-values@0.1.7-alpha.2(@deepseek-ai/cordis@4.0.4)':
    dependencies:
      '@deepseek-ai/cordis': 4.0.4

  '@deepseek-ai/dsh-web-search-deepseek@0.1.7-alpha.2(@deepseek-ai/cordis@4.0.4)(@deepseek-ai/dsh-agent@0.1.7-alpha.2(f6373fbb650642e334325b83884d4465))(@deepseek-ai/dsh-credentials@0.1.7-alpha.2(@deepseek-ai/cordis@4.0.4)(@deepseek-ai/dsh-invariants@0.1.7-alpha.2(@deepseek-ai/cordis@4.0.4)))(@deepseek-ai/dsh-launch-environment@0.1.7-alpha.2(@deepseek-ai/cordis@4.0.4))(@deepseek-ai/dsh-session@0.1.7-alpha.2(@deepseek-ai/cordis@4.0.4)(@deepseek-ai/dsh-scope@0.1.7-alpha.2(@deepseek-ai/cordis@4.0.4)(@deepseek-ai/dsh-invariants@0.1.7-alpha.2(@deepseek-ai/cordis@4.0.4))))(@deepseek-ai/dsh-web@0.1.7-alpha.2(@deepseek-ai/cordis@4.0.4)(@deepseek-ai/dsh-llm@0.1.7-alpha.2(@deepseek-ai/cordis@4.0.4)))':
    dependencies:
      '@deepseek-ai/cordis': 4.0.4
      '@deepseek-ai/dsh-agent': 0.1.7-alpha.2(f6373fbb650642e334325b83884d4465)
      '@deepseek-ai/dsh-credentials': 0.1.7-alpha.2(@deepseek-ai/cordis@4.0.4)(@deepseek-ai/dsh-invariants@0.1.7-alpha.2(@deepseek-ai/cordis@4.0.4))
      '@deepseek-ai/dsh-launch-environment': 0.1.7-alpha.2(@deepseek-ai/cordis@4.0.4)
      '@deepseek-ai/dsh-session': 0.1.7-alpha.2(@deepseek-ai/cordis@4.0.4)(@deepseek-ai/dsh-scope@0.1.7-alpha.2(@deepseek-ai/cordis@4.0.4)(@deepseek-ai/dsh-invariants@0.1.7-alpha.2(@deepseek-ai/cordis@4.0.4)))
      '@deepseek-ai/dsh-web': 0.1.7-alpha.2(@deepseek-ai/cordis@4.0.4)(@deepseek-ai/dsh-llm@0.1.7-alpha.2(@deepseek-ai/cordis@4.0.4))
      '@deepseek-ai/schemastery': 3.18.4

  '@deepseek-ai/dsh-web@0.1.7-alpha.2(@deepseek-ai/cordis@4.0.4)(@deepseek-ai/dsh-llm@0.1.7-alpha.2(@deepseek-ai/cordis@4.0.4))':
    dependencies:
      '@deepseek-ai/cordis': 4.0.4
      '@deepseek-ai/dsh-llm': 0.1.7-alpha.2(@deepseek-ai/cordis@4.0.4)
      '@deepseek-ai/schemastery': 3.18.4

  '@deepseek-ai/schemastery@3.18.4':
    dependencies:
      '@deepseek-ai/cosmokit': 1.8.5
      '@standard-schema/spec': 1.1.0

  '@playwright/test@1.62.1':
    dependencies:
      playwright: 1.62.1

  '@standard-schema/spec@1.1.0': {}

  fsevents@2.3.2:
    optional: true

  playwright-core@1.62.1: {}

  playwright@1.62.1:
    dependencies:
      playwright-core: 1.62.1
    optionalDependencies:
      fsevents: 2.3.2

  zod@4.6.5: {}
